<?xml version="1.0" encoding="utf-8"?>
<Project ToolsVersion="4.0" xmlns="http://schemas.microsoft.com/developer/msbuild/2003">
  <ItemGroup>
    <ClCompile Include="KuwaharaFilter.cpp" />
  </ItemGroup>
  <ItemGroup>
    <ClInclude Include="KuwaharaFilter.h" />
  </ItemGroup>
  <ItemGroup>
    <ShaderSource Include="StructureTensor.ps.slang" />
    <ShaderSource Include="KuwaharaFilter.ps.slang" />
    <ShaderSource Include="GaussianBlur.ps.slang" />
  </ItemGroup>
</Project>